
Microsoft Visual Studio Solution File, Format Version 12.00
# Visual Studio Version 16
VisualStudioVersion = 16.0.30621.155
MinimumVisualStudioVersion = 10.0.40219.1
Project("{FAE04EC0-301F-11D3-BF4B-00C04F79EFBC}") = "Inheritance", "Inheritance.csproj", "{A69788D2-1454-4544-8396-F6DA8B907B38}"
EndProject
Global
	GlobalSection(SolutionConfigurationPlatforms) = preSolution
		Debug|Any CPU = Debug|Any CPU
		Release|Any CPU = Release|Any CPU
	EndGlobalSection
	GlobalSection(ProjectConfigurationPlatforms) = postSolution
		{A69788D2-1454-4544-8396-F6DA8B907B38}.Debug|Any CPU.ActiveCfg = Debug|Any CPU
		{A69788D2-1454-4544-8396-F6DA8B907B38}.Debug|Any CPU.Build.0 = Debug|Any CPU
		{A69788D2-1454-4544-8396-F6DA8B907B38}.Release|Any CPU.ActiveCfg = Release|Any CPU
		{A69788D2-1454-4544-8396-F6DA8B907B38}.Release|Any CPU.Build.0 = Release|Any CPU
	EndGlobalSection
	GlobalSection(SolutionProperties) = preSolution
		HideSolutionNode = FALSE
	EndGlobalSection
	GlobalSection(ExtensibilityGlobals) = postSolution
		SolutionGuid = {E025A318-59B4-4341-BA05-7AD27A2DE7CC}
	EndGlobalSection
EndGlobal
